{
  "name": "hub-comlurb",
  "version": "1.0.0",
  "lockfileVersion": 3,
  "requires": true,
  "packages": {
    "": {
      "name": "hub-comlurb",
      "version": "1.0.0",
      "dependencies": {
        "papaparse": "^5.4.1"
      }
    },
    "node_modules/papaparse": {
      "version": "5.5.4",
      "resolved": "https://registry.npmjs.org/papaparse/-/papaparse-5.5.4.tgz",
      "integrity": "sha512-SwzWD9gl/ElwYLCI0nUja1mFJzjq2D8ziShfNBa7zCHzkOozeOGDwHWQ+tvCzEZcewecWZ5U7kUopDnG+DFYEQ==",
      "license": "MIT"
    }
  }
}
